// !$*UTF8*$!
{
	archiveVersion = 1;
	classes = {
	};
	objectVersion = 52;
	objects = {

/* Begin PBXBuildFile section */
		6F1C663C269F1E26002E7E14 /* FlightView.swift in Sources */ = {isa = PBXBuildFile; fileRef = 6F1C663B269F1E26002E7E14 /* FlightView.swift */; };
		6F1C663D269F1E26002E7E14 /* FlightView.swift in Sources */ = {isa = PBXBuildFile; fileRef = 6F1C663B269F1E26002E7E14 /* FlightView.swift */; };
		6F4F7AC72680095300F0686D /* TicketView.swift in Sources */ = {isa = PBXBuildFile; fileRef = 6F4F7AC62680095300F0686D /* TicketView.swift */; };
		6F4F7AC82680095300F0686D /* TicketView.swift in Sources */ = {isa = PBXBuildFile; fileRef = 6F4F7AC62680095300F0686D /* TicketView.swift */; };
		6F4F7ACC2680118A00F0686D /* TicketRow.swift in Sources */ = {isa = PBXBuildFile; fileRef = 6F4F7ACB2680118A00F0686D /* TicketRow.swift */; };
		6F4F7ACD2680118A00F0686D /* TicketRow.swift in Sources */ = {isa = PBXBuildFile; fileRef = 6F4F7ACB2680118A00F0686D /* TicketRow.swift */; };
		6F55233226444E5B00C2E3BF /* IndexedCollection.swift in Sources */ = {isa = PBXBuildFile; fileRef = 6F55233126444E5B00C2E3BF /* IndexedCollection.swift */; };
		6F55233326444E5B00C2E3BF /* IndexedCollection.swift in Sources */ = {isa = PBXBuildFile; fileRef = 6F55233126444E5B00C2E3BF /* IndexedCollection.swift */; };
		6F5523352644572200C2E3BF /* AppEnvironment.swift in Sources */ = {isa = PBXBuildFile; fileRef = 6F5523342644572200C2E3BF /* AppEnvironment.swift */; };
		6F5523362644572200C2E3BF /* AppEnvironment.swift in Sources */ = {isa = PBXBuildFile; fileRef = 6F5523342644572200C2E3BF /* AppEnvironment.swift */; };
		6F5A25D32630D59300A81E56 /* ArchitectureTestApp.swift in Sources */ = {isa = PBXBuildFile; fileRef = 6F5A25C02630D59100A81E56 /* ArchitectureTestApp.swift */; };
		6F5A25D42630D59300A81E56 /* ArchitectureTestApp.swift in Sources */ = {isa = PBXBuildFile; fileRef = 6F5A25C02630D59100A81E56 /* ArchitectureTestApp.swift */; };
		6F5A25D52630D59300A81E56 /* MainView.swift in Sources */ = {isa = PBXBuildFile; fileRef = 6F5A25C12630D59100A81E56 /* MainView.swift */; };
		6F5A25D62630D59300A81E56 /* MainView.swift in Sources */ = {isa = PBXBuildFile; fileRef = 6F5A25C12630D59100A81E56 /* MainView.swift */; };
		6F5A25D72630D59300A81E56 /* Assets.xcassets in Resources */ = {isa = PBXBuildFile; fileRef = 6F5A25C22630D59200A81E56 /* Assets.xcassets */; };
		6F5A25D82630D59300A81E56 /* Assets.xcassets in Resources */ = {isa = PBXBuildFile; fileRef = 6F5A25C22630D59200A81E56 /* Assets.xcassets */; };
		6F8963DC263F1A5A006A146F /* AppData.swift in Sources */ = {isa = PBXBuildFile; fileRef = 6F8963DB263F1A5A006A146F /* AppData.swift */; };
		6F8963DD263F1A5A006A146F /* AppData.swift in Sources */ = {isa = PBXBuildFile; fileRef = 6F8963DB263F1A5A006A146F /* AppData.swift */; };
		6F967DFD269DF58400B0DC0E /* ComposableArchitecture in Frameworks */ = {isa = PBXBuildFile; productRef = 6F967DFC269DF58400B0DC0E /* ComposableArchitecture */; };
		6FB89782268245F000C86912 /* ScopedGet.swift in Sources */ = {isa = PBXBuildFile; fileRef = 6FB89781268245F000C86912 /* ScopedGet.swift */; };
		6FB89783268245F000C86912 /* ScopedGet.swift in Sources */ = {isa = PBXBuildFile; fileRef = 6FB89781268245F000C86912 /* ScopedGet.swift */; };
		6FB897862682759200C86912 /* Difference in Frameworks */ = {isa = PBXBuildFile; productRef = 6FB897852682759200C86912 /* Difference */; };
		6FC3D50E2644805400D8A5DE /* API.swift in Sources */ = {isa = PBXBuildFile; fileRef = 6FC3D50D2644805400D8A5DE /* API.swift */; };
		6FC3D50F2644805400D8A5DE /* API.swift in Sources */ = {isa = PBXBuildFile; fileRef = 6FC3D50D2644805400D8A5DE /* API.swift */; };
		6FD4460B26965FB50080BC3D /* FlightsView.swift in Sources */ = {isa = PBXBuildFile; fileRef = 6FD4460A26965FB50080BC3D /* FlightsView.swift */; };
		6FD4460C26965FB50080BC3D /* FlightsView.swift in Sources */ = {isa = PBXBuildFile; fileRef = 6FD4460A26965FB50080BC3D /* FlightsView.swift */; };
/* End PBXBuildFile section */

/* Begin PBXFileReference section */
		6F1C663B269F1E26002E7E14 /* FlightView.swift */ = {isa = PBXFileReference; fileEncoding = 4; lastKnownFileType = sourcecode.swift; path = FlightView.swift; sourceTree = "<group>"; };
		6F4F7AC62680095300F0686D /* TicketView.swift */ = {isa = PBXFileReference; lastKnownFileType = sourcecode.swift; path = TicketView.swift; sourceTree = "<group>"; };
		6F4F7ACB2680118A00F0686D /* TicketRow.swift */ = {isa = PBXFileReference; lastKnownFileType = sourcecode.swift; path = TicketRow.swift; sourceTree = "<group>"; };
		6F55233126444E5B00C2E3BF /* IndexedCollection.swift */ = {isa = PBXFileReference; fileEncoding = 4; lastKnownFileType = sourcecode.swift; path = IndexedCollection.swift; sourceTree = "<group>"; };
		6F5523342644572200C2E3BF /* AppEnvironment.swift */ = {isa = PBXFileReference; lastKnownFileType = sourcecode.swift; path = AppEnvironment.swift; sourceTree = "<group>"; };
		6F5A25C02630D59100A81E56 /* ArchitectureTestApp.swift */ = {isa = PBXFileReference; lastKnownFileType = sourcecode.swift; path = ArchitectureTestApp.swift; sourceTree = "<group>"; };
		6F5A25C12630D59100A81E56 /* MainView.swift */ = {isa = PBXFileReference; lastKnownFileType = sourcecode.swift; path = MainView.swift; sourceTree = "<group>"; };
		6F5A25C22630D59200A81E56 /* Assets.xcassets */ = {isa = PBXFileReference; lastKnownFileType = folder.assetcatalog; path = Assets.xcassets; sourceTree = "<group>"; };
		6F5A25C72630D59200A81E56 /* ArchitectureTest.app */ = {isa = PBXFileReference; explicitFileType = wrapper.application; includeInIndex = 0; path = ArchitectureTest.app; sourceTree = BUILT_PRODUCTS_DIR; };
		6F5A25CA2630D59200A81E56 /* Info.plist */ = {isa = PBXFileReference; lastKnownFileType = text.plist.xml; path = Info.plist; sourceTree = "<group>"; };
		6F5A25CF2630D59300A81E56 /* ArchitectureTest.app */ = {isa = PBXFileReference; explicitFileType = wrapper.application; includeInIndex = 0; path = ArchitectureTest.app; sourceTree = BUILT_PRODUCTS_DIR; };
		6F5A25D12630D59300A81E56 /* Info.plist */ = {isa = PBXFileReference; lastKnownFileType = text.plist.xml; path = Info.plist; sourceTree = "<group>"; };
		6F5A25D22630D59300A81E56 /* macOS.entitlements */ = {isa = PBXFileReference; lastKnownFileType = text.plist.entitlements; path = macOS.entitlements; sourceTree = "<group>"; };
		6F8963DB263F1A5A006A146F /* AppData.swift */ = {isa = PBXFileReference; lastKnownFileType = sourcecode.swift; path = AppData.swift; sourceTree = "<group>"; };
		6FB89781268245F000C86912 /* ScopedGet.swift */ = {isa = PBXFileReference; lastKnownFileType = sourcecode.swift; path = ScopedGet.swift; sourceTree = "<group>"; };
		6FC3D50D2644805400D8A5DE /* API.swift */ = {isa = PBXFileReference; lastKnownFileType = sourcecode.swift; path = API.swift; sourceTree = "<group>"; };
		6FD4460A26965FB50080BC3D /* FlightsView.swift */ = {isa = PBXFileReference; lastKnownFileType = sourcecode.swift; path = FlightsView.swift; sourceTree = "<group>"; };
/* End PBXFileReference section */

/* Begin PBXFrameworksBuildPhase section */
		6F5A25C42630D59200A81E56 /* Frameworks */ = {
			isa = PBXFrameworksBuildPhase;
			buildActionMask = 2147483647;
			files = (
				6F967DFD269DF58400B0DC0E /* ComposableArchitecture in Frameworks */,
				6FB897862682759200C86912 /* Difference in Frameworks */,
			);
			runOnlyForDeploymentPostprocessing = 0;
		};
		6F5A25CC2630D59300A81E56 /* Frameworks */ = {
			isa = PBXFrameworksBuildPhase;
			buildActionMask = 2147483647;
			files = (
			);
			runOnlyForDeploymentPostprocessing = 0;
		};
/* End PBXFrameworksBuildPhase section */

/* Begin PBXGroup section */
		6F4F7AC9268009D300F0686D /* Tools */ = {
			isa = PBXGroup;
			children = (
				6F55233126444E5B00C2E3BF /* IndexedCollection.swift */,
				6FB89781268245F000C86912 /* ScopedGet.swift */,
			);
			path = Tools;
			sourceTree = "<group>";
		};
		6F4F7ACA2680117600F0686D /* Views */ = {
			isa = PBXGroup;
			children = (
				6F5A25C12630D59100A81E56 /* MainView.swift */,
				6FD4460A26965FB50080BC3D /* FlightsView.swift */,
				6F1C663B269F1E26002E7E14 /* FlightView.swift */,
				6F4F7ACB2680118A00F0686D /* TicketRow.swift */,
				6F4F7AC62680095300F0686D /* TicketView.swift */,
			);
			path = Views;
			sourceTree = "<group>";
		};
		6F5A25BA2630D59100A81E56 = {
			isa = PBXGroup;
			children = (
				6F5A25BF2630D59100A81E56 /* Shared */,
				6F5A25C92630D59200A81E56 /* iOS */,
				6F5A25D02630D59300A81E56 /* macOS */,
				6F5A25C82630D59200A81E56 /* Products */,
			);
			sourceTree = "<group>";
		};
		6F5A25BF2630D59100A81E56 /* Shared */ = {
			isa = PBXGroup;
			children = (
				6F5523342644572200C2E3BF /* AppEnvironment.swift */,
				6FC3D50D2644805400D8A5DE /* API.swift */,
				6F8963DB263F1A5A006A146F /* AppData.swift */,
				6F5A25C02630D59100A81E56 /* ArchitectureTestApp.swift */,
				6F4F7ACA2680117600F0686D /* Views */,
				6F4F7AC9268009D300F0686D /* Tools */,
				6F5A25C22630D59200A81E56 /* Assets.xcassets */,
			);
			path = Shared;
			sourceTree = "<group>";
		};
		6F5A25C82630D59200A81E56 /* Products */ = {
			isa = PBXGroup;
			children = (
				6F5A25C72630D59200A81E56 /* ArchitectureTest.app */,
				6F5A25CF2630D59300A81E56 /* ArchitectureTest.app */,
			);
			name = Products;
			sourceTree = "<group>";
		};
		6F5A25C92630D59200A81E56 /* iOS */ = {
			isa = PBXGroup;
			children = (
				6F5A25CA2630D59200A81E56 /* Info.plist */,
			);
			path = iOS;
			sourceTree = "<group>";
		};
		6F5A25D02630D59300A81E56 /* macOS */ = {
			isa = PBXGroup;
			children = (
				6F5A25D12630D59300A81E56 /* Info.plist */,
				6F5A25D22630D59300A81E56 /* macOS.entitlements */,
			);
			path = macOS;
			sourceTree = "<group>";
		};
/* End PBXGroup section */

/* Begin PBXNativeTarget section */
		6F5A25C62630D59200A81E56 /* ArchitectureTest (iOS) */ = {
			isa = PBXNativeTarget;
			buildConfigurationList = 6F5A25DB2630D59300A81E56 /* Build configuration list for PBXNativeTarget "ArchitectureTest (iOS)" */;
			buildPhases = (
				6F5A25C32630D59200A81E56 /* Sources */,
				6F5A25C42630D59200A81E56 /* Frameworks */,
				6F5A25C52630D59200A81E56 /* Resources */,
			);
			buildRules = (
			);
			dependencies = (
			);
			name = "ArchitectureTest (iOS)";
			packageProductDependencies = (
				6FB897852682759200C86912 /* Difference */,
				6F967DFC269DF58400B0DC0E /* ComposableArchitecture */,
			);
			productName = "ArchitectureTest (iOS)";
			productReference = 6F5A25C72630D59200A81E56 /* ArchitectureTest.app */;
			productType = "com.apple.product-type.application";
		};
		6F5A25CE2630D59300A81E56 /* ArchitectureTest (macOS) */ = {
			isa = PBXNativeTarget;
			buildConfigurationList = 6F5A25DE2630D59300A81E56 /* Build configuration list for PBXNativeTarget "ArchitectureTest (macOS)" */;
			buildPhases = (
				6F5A25CB2630D59300A81E56 /* Sources */,
				6F5A25CC2630D59300A81E56 /* Frameworks */,
				6F5A25CD2630D59300A81E56 /* Resources */,
			);
			buildRules = (
			);
			dependencies = (
			);
			name = "ArchitectureTest (macOS)";
			productName = "ArchitectureTest (macOS)";
			productReference = 6F5A25CF2630D59300A81E56 /* ArchitectureTest.app */;
			productType = "com.apple.product-type.application";
		};
/* End PBXNativeTarget section */

/* Begin PBXProject section */
		6F5A25BB2630D59100A81E56 /* Project object */ = {
			isa = PBXProject;
			attributes = {
				LastSwiftUpdateCheck = 1240;
				LastUpgradeCheck = 1250;
				TargetAttributes = {
					6F5A25C62630D59200A81E56 = {
						CreatedOnToolsVersion = 12.4;
					};
					6F5A25CE2630D59300A81E56 = {
						CreatedOnToolsVersion = 12.4;
					};
				};
			};
			buildConfigurationList = 6F5A25BE2630D59100A81E56 /* Build configuration list for PBXProject "ArchitectureTest" */;
			compatibilityVersion = "Xcode 9.3";
			developmentRegion = en;
			hasScannedForEncodings = 0;
			knownRegions = (
				en,
				Base,
			);
			mainGroup = 6F5A25BA2630D59100A81E56;
			packageReferences = (
				6FB897842682759200C86912 /* XCRemoteSwiftPackageReference "Difference" */,
				6F967DFB269DF58400B0DC0E /* XCRemoteSwiftPackageReference "swift-composable-architecture" */,
			);
			productRefGroup = 6F5A25C82630D59200A81E56 /* Products */;
			projectDirPath = "";
			projectRoot = "";
			targets = (
				6F5A25C62630D59200A81E56 /* ArchitectureTest (iOS) */,
				6F5A25CE2630D59300A81E56 /* ArchitectureTest (macOS) */,
			);
		};
/* End PBXProject section */

/* Begin PBXResourcesBuildPhase section */
		6F5A25C52630D59200A81E56 /* Resources */ = {
			isa = PBXResourcesBuildPhase;
			buildActionMask = 2147483647;
			files = (
				6F5A25D72630D59300A81E56 /* Assets.xcassets in Resources */,
			);
			runOnlyForDeploymentPostprocessing = 0;
		};
		6F5A25CD2630D59300A81E56 /* Resources */ = {
			isa = PBXResourcesBuildPhase;
			buildActionMask = 2147483647;
			files = (
				6F5A25D82630D59300A81E56 /* Assets.xcassets in Resources */,
			);
			runOnlyForDeploymentPostprocessing = 0;
		};
/* End PBXResourcesBuildPhase section */

/* Begin PBXSourcesBuildPhase section */
		6F5A25C32630D59200A81E56 /* Sources */ = {
			isa = PBXSourcesBuildPhase;
			buildActionMask = 2147483647;
			files = (
				6FB89782268245F000C86912 /* ScopedGet.swift in Sources */,
				6F5A25D52630D59300A81E56 /* MainView.swift in Sources */,
				6F55233226444E5B00C2E3BF /* IndexedCollection.swift in Sources */,
				6F4F7ACC2680118A00F0686D /* TicketRow.swift in Sources */,
				6F1C663C269F1E26002E7E14 /* FlightView.swift in Sources */,
				6F4F7AC72680095300F0686D /* TicketView.swift in Sources */,
				6F5A25D32630D59300A81E56 /* ArchitectureTestApp.swift in Sources */,
				6FD4460B26965FB50080BC3D /* FlightsView.swift in Sources */,
				6F5523352644572200C2E3BF /* AppEnvironment.swift in Sources */,
				6F8963DC263F1A5A006A146F /* AppData.swift in Sources */,
				6FC3D50E2644805400D8A5DE /* API.swift in Sources */,
			);
			runOnlyForDeploymentPostprocessing = 0;
		};
		6F5A25CB2630D59300A81E56 /* Sources */ = {
			isa = PBXSourcesBuildPhase;
			buildActionMask = 2147483647;
			files = (
				6FB89783268245F000C86912 /* ScopedGet.swift in Sources */,
				6F5A25D62630D59300A81E56 /* MainView.swift in Sources */,
				6F55233326444E5B00C2E3BF /* IndexedCollection.swift in Sources */,
				6F4F7ACD2680118A00F0686D /* TicketRow.swift in Sources */,
				6F1C663D269F1E26002E7E14 /* FlightView.swift in Sources */,
				6F4F7AC82680095300F0686D /* TicketView.swift in Sources */,
				6F5A25D42630D59300A81E56 /* ArchitectureTestApp.swift in Sources */,
				6FD4460C26965FB50080BC3D /* FlightsView.swift in Sources */,
				6F5523362644572200C2E3BF /* AppEnvironment.swift in Sources */,
				6F8963DD263F1A5A006A146F /* AppData.swift in Sources */,
				6FC3D50F2644805400D8A5DE /* API.swift in Sources */,
			);
			runOnlyForDeploymentPostprocessing = 0;
		};
/* End PBXSourcesBuildPhase section */

/* Begin XCBuildConfiguration section */
		6F5A25D92630D59300A81E56 /* Debug */ = {
			isa = XCBuildConfiguration;
			buildSettings = {
				ALWAYS_SEARCH_USER_PATHS = NO;
				CLANG_ANALYZER_NONNULL = YES;
				CLANG_ANALYZER_NUMBER_OBJECT_CONVERSION = YES_AGGRESSIVE;
				CLANG_CXX_LANGUAGE_STANDARD = "gnu++14";
				CLANG_CXX_LIBRARY = "libc++";
				CLANG_ENABLE_MODULES = YES;
				CLANG_ENABLE_OBJC_ARC = YES;
				CLANG_ENABLE_OBJC_WEAK = YES;
				CLANG_WARN_BLOCK_CAPTURE_AUTORELEASING = YES;
				CLANG_WARN_BOOL_CONVERSION = YES;
				CLANG_WARN_COMMA = YES;
				CLANG_WARN_CONSTANT_CONVERSION = YES;
				CLANG_WARN_DEPRECATED_OBJC_IMPLEMENTATIONS = YES;
				CLANG_WARN_DIRECT_OBJC_ISA_USAGE = YES_ERROR;
				CLANG_WARN_DOCUMENTATION_COMMENTS = YES;
				CLANG_WARN_EMPTY_BODY = YES;
				CLANG_WARN_ENUM_CONVERSION = YES;
				CLANG_WARN_INFINITE_RECURSION = YES;
				CLANG_WARN_INT_CONVERSION = YES;
				CLANG_WARN_NON_LITERAL_NULL_CONVERSION = YES;
				CLANG_WARN_OBJC_IMPLICIT_RETAIN_SELF = YES;
				CLANG_WARN_OBJC_LITERAL_CONVERSION = YES;
				CLANG_WARN_OBJC_ROOT_CLASS = YES_ERROR;
				CLANG_WARN_QUOTED_INCLUDE_IN_FRAMEWORK_HEADER = YES;
				CLANG_WARN_RANGE_LOOP_ANALYSIS = YES;
				CLANG_WARN_STRICT_PROTOTYPES = YES;
				CLANG_WARN_SUSPICIOUS_MOVE = YES;
				CLANG_WARN_UNGUARDED_AVAILABILITY = YES_AGGRESSIVE;
				CLANG_WARN_UNREACHABLE_CODE = YES;
				CLANG_WARN__DUPLICATE_METHOD_MATCH = YES;
				COPY_PHASE_STRIP = NO;
				DEBUG_INFORMATION_FORMAT = dwarf;
				ENABLE_STRICT_OBJC_MSGSEND = YES;
				ENABLE_TESTABILITY = YES;
				GCC_C_LANGUAGE_STANDARD = gnu11;
				GCC_DYNAMIC_NO_PIC = NO;
				GCC_NO_COMMON_BLOCKS = YES;
				GCC_OPTIMIZATION_LEVEL = 0;
				GCC_PREPROCESSOR_DEFINITIONS = (
					"DEBUG=1",
					"$(inherited)",
				);
				GCC_WARN_64_TO_32_BIT_CONVERSION = YES;
				GCC_WARN_ABOUT_RETURN_TYPE = YES_ERROR;
				GCC_WARN_UNDECLARED_SELECTOR = YES;
				GCC_WARN_UNINITIALIZED_AUTOS = YES_AGGRESSIVE;
				GCC_WARN_UNUSED_FUNCTION = YES;
				GCC_WARN_UNUSED_VARIABLE = YES;
				MTL_ENABLE_DEBUG_INFO = INCLUDE_SOURCE;
				MTL_FAST_MATH = YES;
				ONLY_ACTIVE_ARCH = YES;
				SWIFT_ACTIVE_COMPILATION_CONDITIONS = DEBUG;
				SWIFT_OPTIMIZATION_LEVEL = "-Onone";
			};
			name = Debug;
		};
		6F5A25DA2630D59300A81E56 /* Release */ = {
			isa = XCBuildConfiguration;
			buildSettings = {
				ALWAYS_SEARCH_USER_PATHS = NO;
				CLANG_ANALYZER_NONNULL = YES;
				CLANG_ANALYZER_NUMBER_OBJECT_CONVERSION = YES_AGGRESSIVE;
				CLANG_CXX_LANGUAGE_STANDARD = "gnu++14";
				CLANG_CXX_LIBRARY = "libc++";
				CLANG_ENABLE_MODULES = YES;
				CLANG_ENABLE_OBJC_ARC = YES;
				CLANG_ENABLE_OBJC_WEAK = YES;
				CLANG_WARN_BLOCK_CAPTURE_AUTORELEASING = YES;
				CLANG_WARN_BOOL_CONVERSION = YES;
				CLANG_WARN_COMMA = YES;
				CLANG_WARN_CONSTANT_CONVERSION = YES;
				CLANG_WARN_DEPRECATED_OBJC_IMPLEMENTATIONS = YES;
				CLANG_WARN_DIRECT_OBJC_ISA_USAGE = YES_ERROR;
				CLANG_WARN_DOCUMENTATION_COMMENTS = YES;
				CLANG_WARN_EMPTY_BODY = YES;
				CLANG_WARN_ENUM_CONVERSION = YES;
				CLANG_WARN_INFINITE_RECURSION = YES;
				CLANG_WARN_INT_CONVERSION = YES;
				CLANG_WARN_NON_LITERAL_NULL_CONVERSION = YES;
				CLANG_WARN_OBJC_IMPLICIT_RETAIN_SELF = YES;
				CLANG_WARN_OBJC_LITERAL_CONVERSION = YES;
				CLANG_WARN_OBJC_ROOT_CLASS = YES_ERROR;
				CLANG_WARN_QUOTED_INCLUDE_IN_FRAMEWORK_HEADER = YES;
				CLANG_WARN_RANGE_LOOP_ANALYSIS = YES;
				CLANG_WARN_STRICT_PROTOTYPES = YES;
				CLANG_WARN_SUSPICIOUS_MOVE = YES;
				CLANG_WARN_UNGUARDED_AVAILABILITY = YES_AGGRESSIVE;
				CLANG_WARN_UNREACHABLE_CODE = YES;
				CLANG_WARN__DUPLICATE_METHOD_MATCH = YES;
				COPY_PHASE_STRIP = NO;
				DEBUG_INFORMATION_FORMAT = "dwarf-with-dsym";
				ENABLE_NS_ASSERTIONS = NO;
				ENABLE_STRICT_OBJC_MSGSEND = YES;
				GCC_C_LANGUAGE_STANDARD = gnu11;
				GCC_NO_COMMON_BLOCKS = YES;
				GCC_WARN_64_TO_32_BIT_CONVERSION = YES;
				GCC_WARN_ABOUT_RETURN_TYPE = YES_ERROR;
				GCC_WARN_UNDECLARED_SELECTOR = YES;
				GCC_WARN_UNINITIALIZED_AUTOS = YES_AGGRESSIVE;
				GCC_WARN_UNUSED_FUNCTION = YES;
				GCC_WARN_UNUSED_VARIABLE = YES;
				MTL_ENABLE_DEBUG_INFO = NO;
				MTL_FAST_MATH = YES;
				SWIFT_COMPILATION_MODE = wholemodule;
				SWIFT_OPTIMIZATION_LEVEL = "-O";
			};
			name = Release;
		};
		6F5A25DC2630D59300A81E56 /* Debug */ = {
			isa = XCBuildConfiguration;
			buildSettings = {
				ASSETCATALOG_COMPILER_APPICON_NAME = AppIcon;
				ASSETCATALOG_COMPILER_GLOBAL_ACCENT_COLOR_NAME = AccentColor;
				CODE_SIGN_STYLE = Automatic;
				DEVELOPMENT_TEAM = MX56JJ5G44;
				ENABLE_PREVIEWS = YES;
				INFOPLIST_FILE = iOS/Info.plist;
				IPHONEOS_DEPLOYMENT_TARGET = 14.0;
				LD_RUNPATH_SEARCH_PATHS = (
					"$(inherited)",
					"@executable_path/Frameworks",
				);
				PRODUCT_BUNDLE_IDENTIFIER = com.aero.ArchitectureTest;
				PRODUCT_NAME = ArchitectureTest;
				SDKROOT = iphoneos;
				SWIFT_VERSION = 5.0;
				TARGETED_DEVICE_FAMILY = "1,2";
			};
			name = Debug;
		};
		6F5A25DD2630D59300A81E56 /* Release */ = {
			isa = XCBuildConfiguration;
			buildSettings = {
				ASSETCATALOG_COMPILER_APPICON_NAME = AppIcon;
				ASSETCATALOG_COMPILER_GLOBAL_ACCENT_COLOR_NAME = AccentColor;
				CODE_SIGN_STYLE = Automatic;
				DEVELOPMENT_TEAM = MX56JJ5G44;
				ENABLE_PREVIEWS = YES;
				INFOPLIST_FILE = iOS/Info.plist;
				IPHONEOS_DEPLOYMENT_TARGET = 14.0;
				LD_RUNPATH_SEARCH_PATHS = (
					"$(inherited)",
					"@executable_path/Frameworks",
				);
				PRODUCT_BUNDLE_IDENTIFIER = com.aero.ArchitectureTest;
				PRODUCT_NAME = ArchitectureTest;
				SDKROOT = iphoneos;
				SWIFT_VERSION = 5.0;
				TARGETED_DEVICE_FAMILY = "1,2";
				VALIDATE_PRODUCT = YES;
			};
			name = Release;
		};
		6F5A25DF2630D59300A81E56 /* Debug */ = {
			isa = XCBuildConfiguration;
			buildSettings = {
				ASSETCATALOG_COMPILER_APPICON_NAME = AppIcon;
				ASSETCATALOG_COMPILER_GLOBAL_ACCENT_COLOR_NAME = AccentColor;
				CODE_SIGN_ENTITLEMENTS = macOS/macOS.entitlements;
				CODE_SIGN_IDENTITY = "-";
				CODE_SIGN_STYLE = Automatic;
				COMBINE_HIDPI_IMAGES = YES;
				DEVELOPMENT_TEAM = MX56JJ5G44;
				ENABLE_HARDENED_RUNTIME = YES;
				ENABLE_PREVIEWS = YES;
				INFOPLIST_FILE = macOS/Info.plist;
				LD_RUNPATH_SEARCH_PATHS = (
					"$(inherited)",
					"@executable_path/../Frameworks",
				);
				MACOSX_DEPLOYMENT_TARGET = 11.0;
				PRODUCT_BUNDLE_IDENTIFIER = com.aero.ArchitectureTest;
				PRODUCT_NAME = ArchitectureTest;
				SDKROOT = macosx;
				SWIFT_VERSION = 5.0;
			};
			name = Debug;
		};
		6F5A25E02630D59300A81E56 /* Release */ = {
			isa = XCBuildConfiguration;
			buildSettings = {
				ASSETCATALOG_COMPILER_APPICON_NAME = AppIcon;
				ASSETCATALOG_COMPILER_GLOBAL_ACCENT_COLOR_NAME = AccentColor;
				CODE_SIGN_ENTITLEMENTS = macOS/macOS.entitlements;
				CODE_SIGN_IDENTITY = "-";
				CODE_SIGN_STYLE = Automatic;
				COMBINE_HIDPI_IMAGES = YES;
				DEVELOPMENT_TEAM = MX56JJ5G44;
				ENABLE_HARDENED_RUNTIME = YES;
				ENABLE_PREVIEWS = YES;
				INFOPLIST_FILE = macOS/Info.plist;
				LD_RUNPATH_SEARCH_PATHS = (
					"$(inherited)",
					"@executable_path/../Frameworks",
				);
				MACOSX_DEPLOYMENT_TARGET = 11.0;
				PRODUCT_BUNDLE_IDENTIFIER = com.aero.ArchitectureTest;
				PRODUCT_NAME = ArchitectureTest;
				SDKROOT = macosx;
				SWIFT_VERSION = 5.0;
			};
			name = Release;
		};
/* End XCBuildConfiguration section */

/* Begin XCConfigurationList section */
		6F5A25BE2630D59100A81E56 /* Build configuration list for PBXProject "ArchitectureTest" */ = {
			isa = XCConfigurationList;
			buildConfigurations = (
				6F5A25D92630D59300A81E56 /* Debug */,
				6F5A25DA2630D59300A81E56 /* Release */,
			);
			defaultConfigurationIsVisible = 0;
			defaultConfigurationName = Release;
		};
		6F5A25DB2630D59300A81E56 /* Build configuration list for PBXNativeTarget "ArchitectureTest (iOS)" */ = {
			isa = XCConfigurationList;
			buildConfigurations = (
				6F5A25DC2630D59300A81E56 /* Debug */,
				6F5A25DD2630D59300A81E56 /* Release */,
			);
			defaultConfigurationIsVisible = 0;
			defaultConfigurationName = Release;
		};
		6F5A25DE2630D59300A81E56 /* Build configuration list for PBXNativeTarget "ArchitectureTest (macOS)" */ = {
			isa = XCConfigurationList;
			buildConfigurations = (
				6F5A25DF2630D59300A81E56 /* Debug */,
				6F5A25E02630D59300A81E56 /* Release */,
			);
			defaultConfigurationIsVisible = 0;
			defaultConfigurationName = Release;
		};
/* End XCConfigurationList section */

/* Begin XCRemoteSwiftPackageReference section */
		6F967DFB269DF58400B0DC0E /* XCRemoteSwiftPackageReference "swift-composable-architecture" */ = {
			isa = XCRemoteSwiftPackageReference;
			repositoryURL = "https://github.com/pointfreeco/swift-composable-architecture";
			requirement = {
				kind = upToNextMajorVersion;
				minimumVersion = 0.9.0;
			};
		};
		6FB897842682759200C86912 /* XCRemoteSwiftPackageReference "Difference" */ = {
			isa = XCRemoteSwiftPackageReference;
			repositoryURL = "https://github.com/krzysztofzablocki/Difference.git";
			requirement = {
				kind = upToNextMajorVersion;
				minimumVersion = 0.6.0;
			};
		};
/* End XCRemoteSwiftPackageReference section */

/* Begin XCSwiftPackageProductDependency section */
		6F967DFC269DF58400B0DC0E /* ComposableArchitecture */ = {
			isa = XCSwiftPackageProductDependency;
			package = 6F967DFB269DF58400B0DC0E /* XCRemoteSwiftPackageReference "swift-composable-architecture" */;
			productName = ComposableArchitecture;
		};
		6FB897852682759200C86912 /* Difference */ = {
			isa = XCSwiftPackageProductDependency;
			package = 6FB897842682759200C86912 /* XCRemoteSwiftPackageReference "Difference" */;
			productName = Difference;
		};
/* End XCSwiftPackageProductDependency section */
	};
	rootObject = 6F5A25BB2630D59100A81E56 /* Project object */;
}
